// !$*UTF8*$!
{
	archiveVersion = 1;
	classes = {
	};
	objectVersion = 51;
	objects = {

/* Begin PBXBuildFile section */
		10FC8AD324AB043B00708242 /* AppDelegate.swift in Sources */ = {isa = PBXBuildFile; fileRef = 10FC8AD224AB043B00708242 /* AppDelegate.swift */; };
		10FC8AD524AB043B00708242 /* SceneDelegate.swift in Sources */ = {isa = PBXBuildFile; fileRef = 10FC8AD424AB043B00708242 /* SceneDelegate.swift */; };
		10FC8AD724AB043B00708242 /* ContentView.swift in Sources */ = {isa = PBXBuildFile; fileRef = 10FC8AD624AB043B00708242 /* ContentView.swift */; };
		10FC8AD924AB043F00708242 /* Assets.xcassets in Resources */ = {isa = PBXBuildFile; fileRef = 10FC8AD824AB043F00708242 /* Assets.xcassets */; };
		10FC8ADC24AB043F00708242 /* Preview Assets.xcassets in Resources */ = {isa = PBXBuildFile; fileRef = 10FC8ADB24AB043F00708242 /* Preview Assets.xcassets */; };
		10FC8ADF24AB043F00708242 /* LaunchScreen.storyboard in Resources */ = {isa = PBXBuildFile; fileRef = 10FC8ADD24AB043F00708242 /* LaunchScreen.storyboard */; };
		10FC8AE724AB046400708242 /* MapView.swift in Sources */ = {isa = PBXBuildFile; fileRef = 10FC8AE624AB046400708242 /* MapView.swift */; };
		10FC8AEB24ADF6D800708242 /* Projections.swift in Sources */ = {isa = PBXBuildFile; fileRef = 10FC8AEA24ADF6D800708242 /* Projections.swift */; };
		10FC8AED24B4427100708242 /* Extensions.swift in Sources */ = {isa = PBXBuildFile; fileRef = 10FC8AEC24B4427100708242 /* Extensions.swift */; };
		ED8D2FF9DAFC55639CE6433B /* Pods_UTMConversion_iOS.framework in Frameworks */ = {isa = PBXBuildFile; fileRef = B79B696EC3CB9C32FAE283F8 /* Pods_UTMConversion_iOS.framework */; };
/* End PBXBuildFile section */

/* Begin PBXFileReference section */
		10FC8ACF24AB043B00708242 /* UTMConversion-iOS.app */ = {isa = PBXFileReference; explicitFileType = wrapper.application; includeInIndex = 0; path = "UTMConversion-iOS.app"; sourceTree = BUILT_PRODUCTS_DIR; };
		10FC8AD224AB043B00708242 /* AppDelegate.swift */ = {isa = PBXFileReference; lastKnownFileType = sourcecode.swift; path = AppDelegate.swift; sourceTree = "<group>"; };
		10FC8AD424AB043B00708242 /* SceneDelegate.swift */ = {isa = PBXFileReference; lastKnownFileType = sourcecode.swift; path = SceneDelegate.swift; sourceTree = "<group>"; };
		10FC8AD624AB043B00708242 /* ContentView.swift */ = {isa = PBXFileReference; lastKnownFileType = sourcecode.swift; path = ContentView.swift; sourceTree = "<group>"; };
		10FC8AD824AB043F00708242 /* Assets.xcassets */ = {isa = PBXFileReference; lastKnownFileType = folder.assetcatalog; path = Assets.xcassets; sourceTree = "<group>"; };
		10FC8ADB24AB043F00708242 /* Preview Assets.xcassets */ = {isa = PBXFileReference; lastKnownFileType = folder.assetcatalog; path = "Preview Assets.xcassets"; sourceTree = "<group>"; };
		10FC8ADE24AB043F00708242 /* Base */ = {isa = PBXFileReference; lastKnownFileType = file.storyboard; name = Base; path = Base.lproj/LaunchScreen.storyboard; sourceTree = "<group>"; };
		10FC8AE024AB043F00708242 /* Info.plist */ = {isa = PBXFileReference; lastKnownFileType = text.plist.xml; path = Info.plist; sourceTree = "<group>"; };
		10FC8AE624AB046400708242 /* MapView.swift */ = {isa = PBXFileReference; lastKnownFileType = sourcecode.swift; path = MapView.swift; sourceTree = "<group>"; };
		10FC8AE924ADF51E00708242 /* UTMConversion-iOS-Bridging-Header.h */ = {isa = PBXFileReference; lastKnownFileType = sourcecode.c.h; path = "UTMConversion-iOS-Bridging-Header.h"; sourceTree = "<group>"; };
		10FC8AEA24ADF6D800708242 /* Projections.swift */ = {isa = PBXFileReference; lastKnownFileType = sourcecode.swift; path = Projections.swift; sourceTree = "<group>"; };
		10FC8AEC24B4427100708242 /* Extensions.swift */ = {isa = PBXFileReference; lastKnownFileType = sourcecode.swift; path = Extensions.swift; sourceTree = "<group>"; };
		282F5F58C59DC1FF32A49399 /* Pods-UTMConversion-iOS.release.xcconfig */ = {isa = PBXFileReference; includeInIndex = 1; lastKnownFileType = text.xcconfig; name = "Pods-UTMConversion-iOS.release.xcconfig"; path = "Target Support Files/Pods-UTMConversion-iOS/Pods-UTMConversion-iOS.release.xcconfig"; sourceTree = "<group>"; };
		973CE570A140D6FB52BE20C2 /* Pods-UTMConversion-iOS.debug.xcconfig */ = {isa = PBXFileReference; includeInIndex = 1; lastKnownFileType = text.xcconfig; name = "Pods-UTMConversion-iOS.debug.xcconfig"; path = "Target Support Files/Pods-UTMConversion-iOS/Pods-UTMConversion-iOS.debug.xcconfig"; sourceTree = "<group>"; };
		B79B696EC3CB9C32FAE283F8 /* Pods_UTMConversion_iOS.framework */ = {isa = PBXFileReference; explicitFileType = wrapper.framework; includeInIndex = 0; path = Pods_UTMConversion_iOS.framework; sourceTree = BUILT_PRODUCTS_DIR; };
/* End PBXFileReference section */

/* Begin PBXFrameworksBuildPhase section */
		10FC8ACC24AB043B00708242 /* Frameworks */ = {
			isa = PBXFrameworksBuildPhase;
			buildActionMask = 2147483647;
			files = (
				ED8D2FF9DAFC55639CE6433B /* Pods_UTMConversion_iOS.framework in Frameworks */,
			);
			runOnlyForDeploymentPostprocessing = 0;
		};
/* End PBXFrameworksBuildPhase section */

/* Begin PBXGroup section */
		10FC8AC624AB043B00708242 = {
			isa = PBXGroup;
			children = (
				10FC8AD124AB043B00708242 /* UTMConversion-iOS */,
				10FC8AD024AB043B00708242 /* Products */,
				1E8637BC88F7076DE11488FD /* Pods */,
				C22008CCD839E78E78CF9DB5 /* Frameworks */,
			);
			sourceTree = "<group>";
		};
		10FC8AD024AB043B00708242 /* Products */ = {
			isa = PBXGroup;
			children = (
				10FC8ACF24AB043B00708242 /* UTMConversion-iOS.app */,
			);
			name = Products;
			sourceTree = "<group>";
		};
		10FC8AD124AB043B00708242 /* UTMConversion-iOS */ = {
			isa = PBXGroup;
			children = (
				10FC8AD224AB043B00708242 /* AppDelegate.swift */,
				10FC8AD424AB043B00708242 /* SceneDelegate.swift */,
				10FC8AD624AB043B00708242 /* ContentView.swift */,
				10FC8AE624AB046400708242 /* MapView.swift */,
				10FC8AEA24ADF6D800708242 /* Projections.swift */,
				10FC8AEC24B4427100708242 /* Extensions.swift */,
				10FC8AD824AB043F00708242 /* Assets.xcassets */,
				10FC8ADD24AB043F00708242 /* LaunchScreen.storyboard */,
				10FC8AE024AB043F00708242 /* Info.plist */,
				10FC8ADA24AB043F00708242 /* Preview Content */,
				10FC8AE924ADF51E00708242 /* UTMConversion-iOS-Bridging-Header.h */,
			);
			path = "UTMConversion-iOS";
			sourceTree = "<group>";
		};
		10FC8ADA24AB043F00708242 /* Preview Content */ = {
			isa = PBXGroup;
			children = (
				10FC8ADB24AB043F00708242 /* Preview Assets.xcassets */,
			);
			path = "Preview Content";
			sourceTree = "<group>";
		};
		1E8637BC88F7076DE11488FD /* Pods */ = {
			isa = PBXGroup;
			children = (
				973CE570A140D6FB52BE20C2 /* Pods-UTMConversion-iOS.debug.xcconfig */,
				282F5F58C59DC1FF32A49399 /* Pods-UTMConversion-iOS.release.xcconfig */,
			);
			path = Pods;
			sourceTree = "<group>";
		};
		C22008CCD839E78E78CF9DB5 /* Frameworks */ = {
			isa = PBXGroup;
			children = (
				B79B696EC3CB9C32FAE283F8 /* Pods_UTMConversion_iOS.framework */,
			);
			name = Frameworks;
			sourceTree = "<group>";
		};
/* End PBXGroup section */

/* Begin PBXNativeTarget section */
		10FC8ACE24AB043B00708242 /* UTMConversion-iOS */ = {
			isa = PBXNativeTarget;
			buildConfigurationList = 10FC8AE324AB043F00708242 /* Build configuration list for PBXNativeTarget "UTMConversion-iOS" */;
			buildPhases = (
				DB847CE9ED7F14DE161360C5 /* [CP] Check Pods Manifest.lock */,
				10FC8ACB24AB043B00708242 /* Sources */,
				10FC8ACC24AB043B00708242 /* Frameworks */,
				10FC8ACD24AB043B00708242 /* Resources */,
				647B5CAEAFC6A1ABA8EC85E2 /* [CP] Embed Pods Frameworks */,
			);
			buildRules = (
			);
			dependencies = (
			);
			name = "UTMConversion-iOS";
			productName = "UTMConversion-iOS";
			productReference = 10FC8ACF24AB043B00708242 /* UTMConversion-iOS.app */;
			productType = "com.apple.product-type.application";
		};
/* End PBXNativeTarget section */

/* Begin PBXProject section */
		10FC8AC724AB043B00708242 /* Project object */ = {
			isa = PBXProject;
			attributes = {
				LastSwiftUpdateCheck = 1150;
				LastUpgradeCheck = 1150;
				ORGANIZATIONNAME = "Sam Dravizki";
				TargetAttributes = {
					10FC8ACE24AB043B00708242 = {
						CreatedOnToolsVersion = 11.5;
					};
				};
			};
			buildConfigurationList = 10FC8ACA24AB043B00708242 /* Build configuration list for PBXProject "UTMConversion-iOS" */;
			compatibilityVersion = "Xcode 9.3";
			developmentRegion = en;
			hasScannedForEncodings = 0;
			knownRegions = (
				en,
				Base,
			);
			mainGroup = 10FC8AC624AB043B00708242;
			productRefGroup = 10FC8AD024AB043B00708242 /* Products */;
			projectDirPath = "";
			projectRoot = "";
			targets = (
				10FC8ACE24AB043B00708242 /* UTMConversion-iOS */,
			);
		};
/* End PBXProject section */

/* Begin PBXResourcesBuildPhase section */
		10FC8ACD24AB043B00708242 /* Resources */ = {
			isa = PBXResourcesBuildPhase;
			buildActionMask = 2147483647;
			files = (
				10FC8ADF24AB043F00708242 /* LaunchScreen.storyboard in Resources */,
				10FC8ADC24AB043F00708242 /* Preview Assets.xcassets in Resources */,
				10FC8AD924AB043F00708242 /* Assets.xcassets in Resources */,
			);
			runOnlyForDeploymentPostprocessing = 0;
		};
/* End PBXResourcesBuildPhase section */

/* Begin PBXShellScriptBuildPhase section */
		647B5CAEAFC6A1ABA8EC85E2 /* [CP] Embed Pods Frameworks */ = {
			isa = PBXShellScriptBuildPhase;
			buildActionMask = 2147483647;
			files = (
			);
			inputFileListPaths = (
				"${PODS_ROOT}/Target Support Files/Pods-UTMConversion-iOS/Pods-UTMConversion-iOS-frameworks-${CONFIGURATION}-input-files.xcfilelist",
			);
			name = "[CP] Embed Pods Frameworks";
			outputFileListPaths = (
				"${PODS_ROOT}/Target Support Files/Pods-UTMConversion-iOS/Pods-UTMConversion-iOS-frameworks-${CONFIGURATION}-output-files.xcfilelist",
			);
			runOnlyForDeploymentPostprocessing = 0;
			shellPath = /bin/sh;
			shellScript = "\"${PODS_ROOT}/Target Support Files/Pods-UTMConversion-iOS/Pods-UTMConversion-iOS-frameworks.sh\"\n";
			showEnvVarsInLog = 0;
		};
		DB847CE9ED7F14DE161360C5 /* [CP] Check Pods Manifest.lock */ = {
			isa = PBXShellScriptBuildPhase;
			buildActionMask = 2147483647;
			files = (
			);
			inputFileListPaths = (
			);
			inputPaths = (
				"${PODS_PODFILE_DIR_PATH}/Podfile.lock",
				"${PODS_ROOT}/Manifest.lock",
			);
			name = "[CP] Check Pods Manifest.lock";
			outputFileListPaths = (
			);
			outputPaths = (
				"$(DERIVED_FILE_DIR)/Pods-UTMConversion-iOS-checkManifestLockResult.txt",
			);
			runOnlyForDeploymentPostprocessing = 0;
			shellPath = /bin/sh;
			shellScript = "diff \"${PODS_PODFILE_DIR_PATH}/Podfile.lock\" \"${PODS_ROOT}/Manifest.lock\" > /dev/null\nif [ $? != 0 ] ; then\n    # print error to STDERR\n    echo \"error: The sandbox is not in sync with the Podfile.lock. Run 'pod install' or update your CocoaPods installation.\" >&2\n    exit 1\nfi\n# This output is used by Xcode 'outputs' to avoid re-running this script phase.\necho \"SUCCESS\" > \"${SCRIPT_OUTPUT_FILE_0}\"\n";
			showEnvVarsInLog = 0;
		};
/* End PBXShellScriptBuildPhase section */

/* Begin PBXSourcesBuildPhase section */
		10FC8ACB24AB043B00708242 /* Sources */ = {
			isa = PBXSourcesBuildPhase;
			buildActionMask = 2147483647;
			files = (
				10FC8AD324AB043B00708242 /* AppDelegate.swift in Sources */,
				10FC8AED24B4427100708242 /* Extensions.swift in Sources */,
				10FC8AEB24ADF6D800708242 /* Projections.swift in Sources */,
				10FC8AE724AB046400708242 /* MapView.swift in Sources */,
				10FC8AD524AB043B00708242 /* SceneDelegate.swift in Sources */,
				10FC8AD724AB043B00708242 /* ContentView.swift in Sources */,
			);
			runOnlyForDeploymentPostprocessing = 0;
		};
/* End PBXSourcesBuildPhase section */

/* Begin PBXVariantGroup section */
		10FC8ADD24AB043F00708242 /* LaunchScreen.storyboard */ = {
			isa = PBXVariantGroup;
			children = (
				10FC8ADE24AB043F00708242 /* Base */,
			);
			name = LaunchScreen.storyboard;
			sourceTree = "<group>";
		};
/* End PBXVariantGroup section */

/* Begin XCBuildConfiguration section */
		10FC8AE124AB043F00708242 /* Debug */ = {
			isa = XCBuildConfiguration;
			buildSettings = {
				ALWAYS_SEARCH_USER_PATHS = NO;
				CLANG_ANALYZER_NONNULL = YES;
				CLANG_ANALYZER_NUMBER_OBJECT_CONVERSION = YES_AGGRESSIVE;
				CLANG_CXX_LANGUAGE_STANDARD = "gnu++14";
				CLANG_CXX_LIBRARY = "libc++";
				CLANG_ENABLE_MODULES = YES;
				CLANG_ENABLE_OBJC_ARC = YES;
				CLANG_ENABLE_OBJC_WEAK = YES;
				CLANG_WARN_BLOCK_CAPTURE_AUTORELEASING = YES;
				CLANG_WARN_BOOL_CONVERSION = YES;
				CLANG_WARN_COMMA = YES;
				CLANG_WARN_CONSTANT_CONVERSION = YES;
				CLANG_WARN_DEPRECATED_OBJC_IMPLEMENTATIONS = YES;
				CLANG_WARN_DIRECT_OBJC_ISA_USAGE = YES_ERROR;
				CLANG_WARN_DOCUMENTATION_COMMENTS = YES;
				CLANG_WARN_EMPTY_BODY = YES;
				CLANG_WARN_ENUM_CONVERSION = YES;
				CLANG_WARN_INFINITE_RECURSION = YES;
				CLANG_WARN_INT_CONVERSION = YES;
				CLANG_WARN_NON_LITERAL_NULL_CONVERSION = YES;
				CLANG_WARN_OBJC_IMPLICIT_RETAIN_SELF = YES;
				CLANG_WARN_OBJC_LITERAL_CONVERSION = YES;
				CLANG_WARN_OBJC_ROOT_CLASS = YES_ERROR;
				CLANG_WARN_RANGE_LOOP_ANALYSIS = YES;
				CLANG_WARN_STRICT_PROTOTYPES = YES;
				CLANG_WARN_SUSPICIOUS_MOVE = YES;
				CLANG_WARN_UNGUARDED_AVAILABILITY = YES_AGGRESSIVE;
				CLANG_WARN_UNREACHABLE_CODE = YES;
				CLANG_WARN__DUPLICATE_METHOD_MATCH = YES;
				COPY_PHASE_STRIP = NO;
				DEBUG_INFORMATION_FORMAT = dwarf;
				ENABLE_STRICT_OBJC_MSGSEND = YES;
				ENABLE_TESTABILITY = YES;
				GCC_C_LANGUAGE_STANDARD = gnu11;
				GCC_DYNAMIC_NO_PIC = NO;
				GCC_NO_COMMON_BLOCKS = YES;
				GCC_OPTIMIZATION_LEVEL = 0;
				GCC_PREPROCESSOR_DEFINITIONS = (
					"DEBUG=1",
					"$(inherited)",
				);
				GCC_WARN_64_TO_32_BIT_CONVERSION = YES;
				GCC_WARN_ABOUT_RETURN_TYPE = YES_ERROR;
				GCC_WARN_UNDECLARED_SELECTOR = YES;
				GCC_WARN_UNINITIALIZED_AUTOS = YES_AGGRESSIVE;
				GCC_WARN_UNUSED_FUNCTION = YES;
				GCC_WARN_UNUSED_VARIABLE = YES;
				IPHONEOS_DEPLOYMENT_TARGET = 13.5;
				MTL_ENABLE_DEBUG_INFO = INCLUDE_SOURCE;
				MTL_FAST_MATH = YES;
				ONLY_ACTIVE_ARCH = YES;
				SDKROOT = iphoneos;
				SWIFT_ACTIVE_COMPILATION_CONDITIONS = DEBUG;
				SWIFT_OPTIMIZATION_LEVEL = "-Onone";
			};
			name = Debug;
		};
		10FC8AE224AB043F00708242 /* Release */ = {
			isa = XCBuildConfiguration;
			buildSettings = {
				ALWAYS_SEARCH_USER_PATHS = NO;
				CLANG_ANALYZER_NONNULL = YES;
				CLANG_ANALYZER_NUMBER_OBJECT_CONVERSION = YES_AGGRESSIVE;
				CLANG_CXX_LANGUAGE_STANDARD = "gnu++14";
				CLANG_CXX_LIBRARY = "libc++";
				CLANG_ENABLE_MODULES = YES;
				CLANG_ENABLE_OBJC_ARC = YES;
				CLANG_ENABLE_OBJC_WEAK = YES;
				CLANG_WARN_BLOCK_CAPTURE_AUTORELEASING = YES;
				CLANG_WARN_BOOL_CONVERSION = YES;
				CLANG_WARN_COMMA = YES;
				CLANG_WARN_CONSTANT_CONVERSION = YES;
				CLANG_WARN_DEPRECATED_OBJC_IMPLEMENTATIONS = YES;
				CLANG_WARN_DIRECT_OBJC_ISA_USAGE = YES_ERROR;
				CLANG_WARN_DOCUMENTATION_COMMENTS = YES;
				CLANG_WARN_EMPTY_BODY = YES;
				CLANG_WARN_ENUM_CONVERSION = YES;
				CLANG_WARN_INFINITE_RECURSION = YES;
				CLANG_WARN_INT_CONVERSION = YES;
				CLANG_WARN_NON_LITERAL_NULL_CONVERSION = YES;
				CLANG_WARN_OBJC_IMPLICIT_RETAIN_SELF = YES;
				CLANG_WARN_OBJC_LITERAL_CONVERSION = YES;
				CLANG_WARN_OBJC_ROOT_CLASS = YES_ERROR;
				CLANG_WARN_RANGE_LOOP_ANALYSIS = YES;
				CLANG_WARN_STRICT_PROTOTYPES = YES;
				CLANG_WARN_SUSPICIOUS_MOVE = YES;
				CLANG_WARN_UNGUARDED_AVAILABILITY = YES_AGGRESSIVE;
				CLANG_WARN_UNREACHABLE_CODE = YES;
				CLANG_WARN__DUPLICATE_METHOD_MATCH = YES;
				COPY_PHASE_STRIP = NO;
				DEBUG_INFORMATION_FORMAT = "dwarf-with-dsym";
				ENABLE_NS_ASSERTIONS = NO;
				ENABLE_STRICT_OBJC_MSGSEND = YES;
				GCC_C_LANGUAGE_STANDARD = gnu11;
				GCC_NO_COMMON_BLOCKS = YES;
				GCC_WARN_64_TO_32_BIT_CONVERSION = YES;
				GCC_WARN_ABOUT_RETURN_TYPE = YES_ERROR;
				GCC_WARN_UNDECLARED_SELECTOR = YES;
				GCC_WARN_UNINITIALIZED_AUTOS = YES_AGGRESSIVE;
				GCC_WARN_UNUSED_FUNCTION = YES;
				GCC_WARN_UNUSED_VARIABLE = YES;
				IPHONEOS_DEPLOYMENT_TARGET = 13.5;
				MTL_ENABLE_DEBUG_INFO = NO;
				MTL_FAST_MATH = YES;
				SDKROOT = iphoneos;
				SWIFT_COMPILATION_MODE = wholemodule;
				SWIFT_OPTIMIZATION_LEVEL = "-O";
				VALIDATE_PRODUCT = YES;
			};
			name = Release;
		};
		10FC8AE424AB043F00708242 /* Debug */ = {
			isa = XCBuildConfiguration;
			baseConfigurationReference = 973CE570A140D6FB52BE20C2 /* Pods-UTMConversion-iOS.debug.xcconfig */;
			buildSettings = {
				ASSETCATALOG_COMPILER_APPICON_NAME = AppIcon;
				CODE_SIGN_STYLE = Automatic;
				DEVELOPMENT_ASSET_PATHS = "\"UTMConversion-iOS/Preview Content\"";
				DEVELOPMENT_TEAM = ZTCNWLXT2M;
				ENABLE_PREVIEWS = YES;
				INFOPLIST_FILE = "UTMConversion-iOS/Info.plist";
				LD_RUNPATH_SEARCH_PATHS = (
					"$(inherited)",
					"@executable_path/Frameworks",
				);
				PRODUCT_BUNDLE_IDENTIFIER = "com.samdravitzki.UTMConversion-iOS";
				PRODUCT_NAME = "$(TARGET_NAME)";
				SWIFT_OBJC_BRIDGING_HEADER = "UTMConversion-iOS/UTMConversion-iOS-Bridging-Header.h";
				SWIFT_VERSION = 5.0;
				TARGETED_DEVICE_FAMILY = "1,2";
			};
			name = Debug;
		};
		10FC8AE524AB043F00708242 /* Release */ = {
			isa = XCBuildConfiguration;
			baseConfigurationReference = 282F5F58C59DC1FF32A49399 /* Pods-UTMConversion-iOS.release.xcconfig */;
			buildSettings = {
				ASSETCATALOG_COMPILER_APPICON_NAME = AppIcon;
				CODE_SIGN_STYLE = Automatic;
				DEVELOPMENT_ASSET_PATHS = "\"UTMConversion-iOS/Preview Content\"";
				DEVELOPMENT_TEAM = ZTCNWLXT2M;
				ENABLE_PREVIEWS = YES;
				INFOPLIST_FILE = "UTMConversion-iOS/Info.plist";
				LD_RUNPATH_SEARCH_PATHS = (
					"$(inherited)",
					"@executable_path/Frameworks",
				);
				PRODUCT_BUNDLE_IDENTIFIER = "com.samdravitzki.UTMConversion-iOS";
				PRODUCT_NAME = "$(TARGET_NAME)";
				SWIFT_OBJC_BRIDGING_HEADER = "UTMConversion-iOS/UTMConversion-iOS-Bridging-Header.h";
				SWIFT_VERSION = 5.0;
				TARGETED_DEVICE_FAMILY = "1,2";
			};
			name = Release;
		};
/* End XCBuildConfiguration section */

/* Begin XCConfigurationList section */
		10FC8ACA24AB043B00708242 /* Build configuration list for PBXProject "UTMConversion-iOS" */ = {
			isa = XCConfigurationList;
			buildConfigurations = (
				10FC8AE124AB043F00708242 /* Debug */,
				10FC8AE224AB043F00708242 /* Release */,
			);
			defaultConfigurationIsVisible = 0;
			defaultConfigurationName = Release;
		};
		10FC8AE324AB043F00708242 /* Build configuration list for PBXNativeTarget "UTMConversion-iOS" */ = {
			isa = XCConfigurationList;
			buildConfigurations = (
				10FC8AE424AB043F00708242 /* Debug */,
				10FC8AE524AB043F00708242 /* Release */,
			);
			defaultConfigurationIsVisible = 0;
			defaultConfigurationName = Release;
		};
/* End XCConfigurationList section */
	};
	rootObject = 10FC8AC724AB043B00708242 /* Project object */;
}
